
Microsoft Visual Studio Solution File, Format Version 12.00
# Visual Studio Version 17
VisualStudioVersion = 17.9.34902.65
MinimumVisualStudioVersion = 10.0.40219.1
Project("{9A19103F-16F7-4668-BE54-9A1E7A4F7556}") = "Contman.MAUI", "Contman.MAUI\Contman.MAUI.csproj", "{C144962A-B270-4BE2-B0EF-8BE1DB424854}"
EndProject
Project("{9A19103F-16F7-4668-BE54-9A1E7A4F7556}") = "Contman.Core", "Contman.Core\Contman.Core.csproj", "{4041E13E-23F6-45BD-B5B2-4270ED2D343A}"
EndProject
Project("{9A19103F-16F7-4668-BE54-9A1E7A4F7556}") = "Contman.Application", "Contman.Application\Contman.Application.csproj", "{09D8E291-3313-4F7F-9373-E6E5E2C69B92}"
EndProject
Project("{9A19103F-16F7-4668-BE54-9A1E7A4F7556}") = "Contman.Infrastructure", "Contman.Infrastructure\Contman.Infrastructure.csproj", "{9711639A-E16D-4E90-A3D5-D6F36123921D}"
EndProject
Project("{2150E333-8FDC-42A3-9474-1A3956D46DE8}") = "Solution Items", "Solution Items", "{FECE10DC-B72A-4C62-B33F-9F7272ED7600}"
	ProjectSection(SolutionItems) = preProject
		README.md = README.md
	EndProjectSection
EndProject
Project("{FAE04EC0-301F-11D3-BF4B-00C04F79EFBC}") = "Contman.Api", "Contman.Api\Contman.Api.csproj", "{20F1D9A3-78E6-4269-BBA2-B374B43CD8D4}"
EndProject
Global
	GlobalSection(SolutionConfigurationPlatforms) = preSolution
		Debug|Any CPU = Debug|Any CPU
		Release|Any CPU = Release|Any CPU
	EndGlobalSection
	GlobalSection(ProjectConfigurationPlatforms) = postSolution
		{C144962A-B270-4BE2-B0EF-8BE1DB424854}.Debug|Any CPU.ActiveCfg = Debug|Any CPU
		{C144962A-B270-4BE2-B0EF-8BE1DB424854}.Debug|Any CPU.Build.0 = Debug|Any CPU
		{C144962A-B270-4BE2-B0EF-8BE1DB424854}.Debug|Any CPU.Deploy.0 = Debug|Any CPU
		{C144962A-B270-4BE2-B0EF-8BE1DB424854}.Release|Any CPU.ActiveCfg = Release|Any CPU
		{C144962A-B270-4BE2-B0EF-8BE1DB424854}.Release|Any CPU.Build.0 = Release|Any CPU
		{C144962A-B270-4BE2-B0EF-8BE1DB424854}.Release|Any CPU.Deploy.0 = Release|Any CPU
		{4041E13E-23F6-45BD-B5B2-4270ED2D343A}.Debug|Any CPU.ActiveCfg = Debug|Any CPU
		{4041E13E-23F6-45BD-B5B2-4270ED2D343A}.Debug|Any CPU.Build.0 = Debug|Any CPU
		{4041E13E-23F6-45BD-B5B2-4270ED2D343A}.Release|Any CPU.ActiveCfg = Release|Any CPU
		{4041E13E-23F6-45BD-B5B2-4270ED2D343A}.Release|Any CPU.Build.0 = Release|Any CPU
		{09D8E291-3313-4F7F-9373-E6E5E2C69B92}.Debug|Any CPU.ActiveCfg = Debug|Any CPU
		{09D8E291-3313-4F7F-9373-E6E5E2C69B92}.Debug|Any CPU.Build.0 = Debug|Any CPU
		{09D8E291-3313-4F7F-9373-E6E5E2C69B92}.Release|Any CPU.ActiveCfg = Release|Any CPU
		{09D8E291-3313-4F7F-9373-E6E5E2C69B92}.Release|Any CPU.Build.0 = Release|Any CPU
		{9711639A-E16D-4E90-A3D5-D6F36123921D}.Debug|Any CPU.ActiveCfg = Debug|Any CPU
		{9711639A-E16D-4E90-A3D5-D6F36123921D}.Debug|Any CPU.Build.0 = Debug|Any CPU
		{9711639A-E16D-4E90-A3D5-D6F36123921D}.Release|Any CPU.ActiveCfg = Release|Any CPU
		{9711639A-E16D-4E90-A3D5-D6F36123921D}.Release|Any CPU.Build.0 = Release|Any CPU
		{20F1D9A3-78E6-4269-BBA2-B374B43CD8D4}.Debug|Any CPU.ActiveCfg = Debug|Any CPU
		{20F1D9A3-78E6-4269-BBA2-B374B43CD8D4}.Debug|Any CPU.Build.0 = Debug|Any CPU
		{20F1D9A3-78E6-4269-BBA2-B374B43CD8D4}.Release|Any CPU.ActiveCfg = Release|Any CPU
		{20F1D9A3-78E6-4269-BBA2-B374B43CD8D4}.Release|Any CPU.Build.0 = Release|Any CPU
	EndGlobalSection
	GlobalSection(SolutionProperties) = preSolution
		HideSolutionNode = FALSE
	EndGlobalSection
	GlobalSection(ExtensibilityGlobals) = postSolution
		SolutionGuid = {12119CFC-ACE1-463A-B8CC-01FEA031B974}
	EndGlobalSection
EndGlobal
